
Microsoft Visual Studio Solution File, Format Version 12.00
# Visual Studio 15
VisualStudioVersion = 15.0.26730.16
MinimumVisualStudioVersion = 10.0.40219.1
Project("{FAE04EC0-301F-11D3-BF4B-00C04F79EFBC}") = "Acme", "Acme\Acme\Acme.csproj", "{AE63F48B-77F3-4B2F-9207-7EDEBDD95D0D}"
EndProject
Project("{FAE04EC0-301F-11D3-BF4B-00C04F79EFBC}") = "Acme.Android", "Acme\Acme.Android\Acme.Android.csproj", "{0EFD80FB-328F-40D2-B0DD-8461BA477557}"
EndProject
Project("{FAE04EC0-301F-11D3-BF4B-00C04F79EFBC}") = "Acme.iOS", "Acme\Acme.iOS\Acme.iOS.csproj", "{F1F1BCCD-EE70-407D-8622-F2E7D43BB3F8}"
EndProject
Project("{FAE04EC0-301F-11D3-BF4B-00C04F79EFBC}") = "Acme.UWP", "Acme\Acme.UWP\Acme.UWP.csproj", "{E9AA7BBC-4806-4214-BE0F-C6706E5B7B0C}"
EndProject
Project("{FAE04EC0-301F-11D3-BF4B-00C04F79EFBC}") = "Acme.MobileAppService", "Acme\Acme.MobileAppService\Acme.MobileAppService.csproj", "{D8016BF4-219A-4D2B-A24E-A2AA327688ED}"
EndProject
Global
	GlobalSection(SolutionConfigurationPlatforms) = preSolution
		Debug|Any CPU = Debug|Any CPU
		Debug|ARM = Debug|ARM
		Debug|iPhone = Debug|iPhone
		Debug|iPhoneSimulator = Debug|iPhoneSimulator
		Debug|x64 = Debug|x64
		Debug|x86 = Debug|x86
		Release|Any CPU = Release|Any CPU
		Release|ARM = Release|ARM
		Release|iPhone = Release|iPhone
		Release|iPhoneSimulator = Release|iPhoneSimulator
		Release|x64 = Release|x64
		Release|x86 = Release|x86
	EndGlobalSection
	GlobalSection(ProjectConfigurationPlatforms) = postSolution
		{AE63F48B-77F3-4B2F-9207-7EDEBDD95D0D}.Debug|Any CPU.ActiveCfg = Debug|Any CPU
		{AE63F48B-77F3-4B2F-9207-7EDEBDD95D0D}.Debug|Any CPU.Build.0 = Debug|Any CPU
		{AE63F48B-77F3-4B2F-9207-7EDEBDD95D0D}.Debug|ARM.ActiveCfg = Debug|Any CPU
		{AE63F48B-77F3-4B2F-9207-7EDEBDD95D0D}.Debug|ARM.Build.0 = Debug|Any CPU
		{AE63F48B-77F3-4B2F-9207-7EDEBDD95D0D}.Debug|iPhone.ActiveCfg = Debug|Any CPU
		{AE63F48B-77F3-4B2F-9207-7EDEBDD95D0D}.Debug|iPhone.Build.0 = Debug|Any CPU
		{AE63F48B-77F3-4B2F-9207-7EDEBDD95D0D}.Debug|iPhoneSimulator.ActiveCfg = Debug|Any CPU
		{AE63F48B-77F3-4B2F-9207-7EDEBDD95D0D}.Debug|iPhoneSimulator.Build.0 = Debug|Any CPU
		{AE63F48B-77F3-4B2F-9207-7EDEBDD95D0D}.Debug|x64.ActiveCfg = Debug|Any CPU
		{AE63F48B-77F3-4B2F-9207-7EDEBDD95D0D}.Debug|x64.Build.0 = Debug|Any CPU
		{AE63F48B-77F3-4B2F-9207-7EDEBDD95D0D}.Debug|x86.ActiveCfg = Debug|Any CPU
		{AE63F48B-77F3-4B2F-9207-7EDEBDD95D0D}.Debug|x86.Build.0 = Debug|Any CPU
		{AE63F48B-77F3-4B2F-9207-7EDEBDD95D0D}.Release|Any CPU.ActiveCfg = Release|Any CPU
		{AE63F48B-77F3-4B2F-9207-7EDEBDD95D0D}.Release|Any CPU.Build.0 = Release|Any CPU
		{AE63F48B-77F3-4B2F-9207-7EDEBDD95D0D}.Release|ARM.ActiveCfg = Release|Any CPU
		{AE63F48B-77F3-4B2F-9207-7EDEBDD95D0D}.Release|ARM.Build.0 = Release|Any CPU
		{AE63F48B-77F3-4B2F-9207-7EDEBDD95D0D}.Release|iPhone.ActiveCfg = Release|Any CPU
		{AE63F48B-77F3-4B2F-9207-7EDEBDD95D0D}.Release|iPhone.Build.0 = Release|Any CPU
		{AE63F48B-77F3-4B2F-9207-7EDEBDD95D0D}.Release|iPhoneSimulator.ActiveCfg = Release|Any CPU
		{AE63F48B-77F3-4B2F-9207-7EDEBDD95D0D}.Release|iPhoneSimulator.Build.0 = Release|Any CPU
		{AE63F48B-77F3-4B2F-9207-7EDEBDD95D0D}.Release|x64.ActiveCfg = Release|Any CPU
		{AE63F48B-77F3-4B2F-9207-7EDEBDD95D0D}.Release|x64.Build.0 = Release|Any CPU
		{AE63F48B-77F3-4B2F-9207-7EDEBDD95D0D}.Release|x86.ActiveCfg = Release|Any CPU
		{AE63F48B-77F3-4B2F-9207-7EDEBDD95D0D}.Release|x86.Build.0 = Release|Any CPU
		{0EFD80FB-328F-40D2-B0DD-8461BA477557}.Debug|Any CPU.ActiveCfg = Debug|Any CPU
		{0EFD80FB-328F-40D2-B0DD-8461BA477557}.Debug|Any CPU.Build.0 = Debug|Any CPU
		{0EFD80FB-328F-40D2-B0DD-8461BA477557}.Debug|Any CPU.Deploy.0 = Debug|Any CPU
		{0EFD80FB-328F-40D2-B0DD-8461BA477557}.Debug|ARM.ActiveCfg = Debug|Any CPU
		{0EFD80FB-328F-40D2-B0DD-8461BA477557}.Debug|ARM.Build.0 = Debug|Any CPU
		{0EFD80FB-328F-40D2-B0DD-8461BA477557}.Debug|ARM.Deploy.0 = Debug|Any CPU
		{0EFD80FB-328F-40D2-B0DD-8461BA477557}.Debug|iPhone.ActiveCfg = Debug|Any CPU
		{0EFD80FB-328F-40D2-B0DD-8461BA477557}.Debug|iPhone.Build.0 = Debug|Any CPU
		{0EFD80FB-328F-40D2-B0DD-8461BA477557}.Debug|iPhone.Deploy.0 = Debug|Any CPU
		{0EFD80FB-328F-40D2-B0DD-8461BA477557}.Debug|iPhoneSimulator.ActiveCfg = Debug|Any CPU
		{0EFD80FB-328F-40D2-B0DD-8461BA477557}.Debug|iPhoneSimulator.Build.0 = Debug|Any CPU
		{0EFD80FB-328F-40D2-B0DD-8461BA477557}.Debug|iPhoneSimulator.Deploy.0 = Debug|Any CPU
		{0EFD80FB-328F-40D2-B0DD-8461BA477557}.Debug|x64.ActiveCfg = Debug|Any CPU
		{0EFD80FB-328F-40D2-B0DD-8461BA477557}.Debug|x64.Build.0 = Debug|Any CPU
		{0EFD80FB-328F-40D2-B0DD-8461BA477557}.Debug|x64.Deploy.0 = Debug|Any CPU
		{0EFD80FB-328F-40D2-B0DD-8461BA477557}.Debug|x86.ActiveCfg = Debug|Any CPU
		{0EFD80FB-328F-40D2-B0DD-8461BA477557}.Debug|x86.Build.0 = Debug|Any CPU
		{0EFD80FB-328F-40D2-B0DD-8461BA477557}.Debug|x86.Deploy.0 = Debug|Any CPU
		{0EFD80FB-328F-40D2-B0DD-8461BA477557}.Release|Any CPU.ActiveCfg = Release|Any CPU
		{0EFD80FB-328F-40D2-B0DD-8461BA477557}.Release|Any CPU.Build.0 = Release|Any CPU
		{0EFD80FB-328F-40D2-B0DD-8461BA477557}.Release|Any CPU.Deploy.0 = Release|Any CPU
		{0EFD80FB-328F-40D2-B0DD-8461BA477557}.Release|ARM.ActiveCfg = Release|Any CPU
		{0EFD80FB-328F-40D2-B0DD-8461BA477557}.Release|ARM.Build.0 = Release|Any CPU
		{0EFD80FB-328F-40D2-B0DD-8461BA477557}.Release|ARM.Deploy.0 = Release|Any CPU
		{0EFD80FB-328F-40D2-B0DD-8461BA477557}.Release|iPhone.ActiveCfg = Release|Any CPU
		{0EFD80FB-328F-40D2-B0DD-8461BA477557}.Release|iPhone.Build.0 = Release|Any CPU
		{0EFD80FB-328F-40D2-B0DD-8461BA477557}.Release|iPhone.Deploy.0 = Release|Any CPU
		{0EFD80FB-328F-40D2-B0DD-8461BA477557}.Release|iPhoneSimulator.ActiveCfg = Release|Any CPU
		{0EFD80FB-328F-40D2-B0DD-8461BA477557}.Release|iPhoneSimulator.Build.0 = Release|Any CPU
		{0EFD80FB-328F-40D2-B0DD-8461BA477557}.Release|iPhoneSimulator.Deploy.0 = Release|Any CPU
		{0EFD80FB-328F-40D2-B0DD-8461BA477557}.Release|x64.ActiveCfg = Release|Any CPU
		{0EFD80FB-328F-40D2-B0DD-8461BA477557}.Release|x64.Build.0 = Release|Any CPU
		{0EFD80FB-328F-40D2-B0DD-8461BA477557}.Release|x64.Deploy.0 = Release|Any CPU
		{0EFD80FB-328F-40D2-B0DD-8461BA477557}.Release|x86.ActiveCfg = Release|Any CPU
		{0EFD80FB-328F-40D2-B0DD-8461BA477557}.Release|x86.Build.0 = Release|Any CPU
		{0EFD80FB-328F-40D2-B0DD-8461BA477557}.Release|x86.Deploy.0 = Release|Any CPU
		{F1F1BCCD-EE70-407D-8622-F2E7D43BB3F8}.Debug|Any CPU.ActiveCfg = Debug|iPhone
		{F1F1BCCD-EE70-407D-8622-F2E7D43BB3F8}.Debug|ARM.ActiveCfg = Debug|iPhone
		{F1F1BCCD-EE70-407D-8622-F2E7D43BB3F8}.Debug|iPhone.ActiveCfg = Debug|iPhone
		{F1F1BCCD-EE70-407D-8622-F2E7D43BB3F8}.Debug|iPhone.Build.0 = Debug|iPhone
		{F1F1BCCD-EE70-407D-8622-F2E7D43BB3F8}.Debug|iPhoneSimulator.ActiveCfg = Debug|iPhoneSimulator
		{F1F1BCCD-EE70-407D-8622-F2E7D43BB3F8}.Debug|iPhoneSimulator.Build.0 = Debug|iPhoneSimulator
		{F1F1BCCD-EE70-407D-8622-F2E7D43BB3F8}.Debug|x64.ActiveCfg = Debug|iPhone
		{F1F1BCCD-EE70-407D-8622-F2E7D43BB3F8}.Debug|x86.ActiveCfg = Debug|iPhone
		{F1F1BCCD-EE70-407D-8622-F2E7D43BB3F8}.Release|Any CPU.ActiveCfg = Release|iPhone
		{F1F1BCCD-EE70-407D-8622-F2E7D43BB3F8}.Release|ARM.ActiveCfg = Release|iPhone
		{F1F1BCCD-EE70-407D-8622-F2E7D43BB3F8}.Release|iPhone.ActiveCfg = Release|iPhone
		{F1F1BCCD-EE70-407D-8622-F2E7D43BB3F8}.Release|iPhone.Build.0 = Release|iPhone
		{F1F1BCCD-EE70-407D-8622-F2E7D43BB3F8}.Release|iPhoneSimulator.ActiveCfg = Release|iPhoneSimulator
		{F1F1BCCD-EE70-407D-8622-F2E7D43BB3F8}.Release|iPhoneSimulator.Build.0 = Release|iPhoneSimulator
		{F1F1BCCD-EE70-407D-8622-F2E7D43BB3F8}.Release|x64.ActiveCfg = Release|iPhone
		{F1F1BCCD-EE70-407D-8622-F2E7D43BB3F8}.Release|x86.ActiveCfg = Release|iPhone
		{E9AA7BBC-4806-4214-BE0F-C6706E5B7B0C}.Debug|Any CPU.ActiveCfg = Debug|x86
		{E9AA7BBC-4806-4214-BE0F-C6706E5B7B0C}.Debug|ARM.ActiveCfg = Debug|ARM
		{E9AA7BBC-4806-4214-BE0F-C6706E5B7B0C}.Debug|ARM.Build.0 = Debug|ARM
		{E9AA7BBC-4806-4214-BE0F-C6706E5B7B0C}.Debug|ARM.Deploy.0 = Debug|ARM
		{E9AA7BBC-4806-4214-BE0F-C6706E5B7B0C}.Debug|iPhone.ActiveCfg = Debug|x86
		{E9AA7BBC-4806-4214-BE0F-C6706E5B7B0C}.Debug|iPhoneSimulator.ActiveCfg = Debug|x86
		{E9AA7BBC-4806-4214-BE0F-C6706E5B7B0C}.Debug|x64.ActiveCfg = Debug|x64
		{E9AA7BBC-4806-4214-BE0F-C6706E5B7B0C}.Debug|x64.Build.0 = Debug|x64
		{E9AA7BBC-4806-4214-BE0F-C6706E5B7B0C}.Debug|x64.Deploy.0 = Debug|x64
		{E9AA7BBC-4806-4214-BE0F-C6706E5B7B0C}.Debug|x86.ActiveCfg = Debug|x86
		{E9AA7BBC-4806-4214-BE0F-C6706E5B7B0C}.Debug|x86.Build.0 = Debug|x86
		{E9AA7BBC-4806-4214-BE0F-C6706E5B7B0C}.Debug|x86.Deploy.0 = Debug|x86
		{E9AA7BBC-4806-4214-BE0F-C6706E5B7B0C}.Release|Any CPU.ActiveCfg = Release|x86
		{E9AA7BBC-4806-4214-BE0F-C6706E5B7B0C}.Release|ARM.ActiveCfg = Release|ARM
		{E9AA7BBC-4806-4214-BE0F-C6706E5B7B0C}.Release|ARM.Build.0 = Release|ARM
		{E9AA7BBC-4806-4214-BE0F-C6706E5B7B0C}.Release|ARM.Deploy.0 = Release|ARM
		{E9AA7BBC-4806-4214-BE0F-C6706E5B7B0C}.Release|iPhone.ActiveCfg = Release|x86
		{E9AA7BBC-4806-4214-BE0F-C6706E5B7B0C}.Release|iPhoneSimulator.ActiveCfg = Release|x86
		{E9AA7BBC-4806-4214-BE0F-C6706E5B7B0C}.Release|x64.ActiveCfg = Release|x64
		{E9AA7BBC-4806-4214-BE0F-C6706E5B7B0C}.Release|x64.Build.0 = Release|x64
		{E9AA7BBC-4806-4214-BE0F-C6706E5B7B0C}.Release|x64.Deploy.0 = Release|x64
		{E9AA7BBC-4806-4214-BE0F-C6706E5B7B0C}.Release|x86.ActiveCfg = Release|x86
		{E9AA7BBC-4806-4214-BE0F-C6706E5B7B0C}.Release|x86.Build.0 = Release|x86
		{E9AA7BBC-4806-4214-BE0F-C6706E5B7B0C}.Release|x86.Deploy.0 = Release|x86
		{D8016BF4-219A-4D2B-A24E-A2AA327688ED}.Debug|Any CPU.ActiveCfg = Debug|Any CPU
		{D8016BF4-219A-4D2B-A24E-A2AA327688ED}.Debug|Any CPU.Build.0 = Debug|Any CPU
		{D8016BF4-219A-4D2B-A24E-A2AA327688ED}.Debug|ARM.ActiveCfg = Debug|Any CPU
		{D8016BF4-219A-4D2B-A24E-A2AA327688ED}.Debug|ARM.Build.0 = Debug|Any CPU
		{D8016BF4-219A-4D2B-A24E-A2AA327688ED}.Debug|iPhone.ActiveCfg = Debug|Any CPU
		{D8016BF4-219A-4D2B-A24E-A2AA327688ED}.Debug|iPhone.Build.0 = Debug|Any CPU
		{D8016BF4-219A-4D2B-A24E-A2AA327688ED}.Debug|iPhoneSimulator.ActiveCfg = Debug|Any CPU
		{D8016BF4-219A-4D2B-A24E-A2AA327688ED}.Debug|iPhoneSimulator.Build.0 = Debug|Any CPU
		{D8016BF4-219A-4D2B-A24E-A2AA327688ED}.Debug|x64.ActiveCfg = Debug|Any CPU
		{D8016BF4-219A-4D2B-A24E-A2AA327688ED}.Debug|x64.Build.0 = Debug|Any CPU
		{D8016BF4-219A-4D2B-A24E-A2AA327688ED}.Debug|x86.ActiveCfg = Debug|Any CPU
		{D8016BF4-219A-4D2B-A24E-A2AA327688ED}.Debug|x86.Build.0 = Debug|Any CPU
		{D8016BF4-219A-4D2B-A24E-A2AA327688ED}.Release|Any CPU.ActiveCfg = Release|Any CPU
		{D8016BF4-219A-4D2B-A24E-A2AA327688ED}.Release|Any CPU.Build.0 = Release|Any CPU
		{D8016BF4-219A-4D2B-A24E-A2AA327688ED}.Release|ARM.ActiveCfg = Release|Any CPU
		{D8016BF4-219A-4D2B-A24E-A2AA327688ED}.Release|ARM.Build.0 = Release|Any CPU
		{D8016BF4-219A-4D2B-A24E-A2AA327688ED}.Release|iPhone.ActiveCfg = Release|Any CPU
		{D8016BF4-219A-4D2B-A24E-A2AA327688ED}.Release|iPhone.Build.0 = Release|Any CPU
		{D8016BF4-219A-4D2B-A24E-A2AA327688ED}.Release|iPhoneSimulator.ActiveCfg = Release|Any CPU
		{D8016BF4-219A-4D2B-A24E-A2AA327688ED}.Release|iPhoneSimulator.Build.0 = Release|Any CPU
		{D8016BF4-219A-4D2B-A24E-A2AA327688ED}.Release|x64.ActiveCfg = Release|Any CPU
		{D8016BF4-219A-4D2B-A24E-A2AA327688ED}.Release|x64.Build.0 = Release|Any CPU
		{D8016BF4-219A-4D2B-A24E-A2AA327688ED}.Release|x86.ActiveCfg = Release|Any CPU
		{D8016BF4-219A-4D2B-A24E-A2AA327688ED}.Release|x86.Build.0 = Release|Any CPU
	EndGlobalSection
	GlobalSection(SolutionProperties) = preSolution
		HideSolutionNode = FALSE
	EndGlobalSection
	GlobalSection(ExtensibilityGlobals) = postSolution
		SolutionGuid = {688D919C-1804-41C5-8F65-D4C72CB5713D}
	EndGlobalSection
EndGlobal
